
Microsoft Visual Studio Solution File, Format Version 12.00
# Visual Studio Version 17
VisualStudioVersion = 17.9.34616.47
MinimumVisualStudioVersion = 10.0.40219.1
Project("{8BC9CEB8-8B4A-11D0-8D11-00A0C91BC942}") = "prob2_20230642", "prob2_20230642\prob2_20230642.vcxproj", "{508E4F3A-E528-4C49-A05A-70FEF6D5DF97}"
EndProject
Global
	GlobalSection(SolutionConfigurationPlatforms) = preSolution
		Debug|x64 = Debug|x64
		Debug|x86 = Debug|x86
		Release|x64 = Release|x64
		Release|x86 = Release|x86
	EndGlobalSection
	GlobalSection(ProjectConfigurationPlatforms) = postSolution
		{508E4F3A-E528-4C49-A05A-70FEF6D5DF97}.Debug|x64.ActiveCfg = Debug|x64
		{508E4F3A-E528-4C49-A05A-70FEF6D5DF97}.Debug|x64.Build.0 = Debug|x64
		{508E4F3A-E528-4C49-A05A-70FEF6D5DF97}.Debug|x86.ActiveCfg = Debug|Win32
		{508E4F3A-E528-4C49-A05A-70FEF6D5DF97}.Debug|x86.Build.0 = Debug|Win32
		{508E4F3A-E528-4C49-A05A-70FEF6D5DF97}.Release|x64.ActiveCfg = Release|x64
		{508E4F3A-E528-4C49-A05A-70FEF6D5DF97}.Release|x64.Build.0 = Release|x64
		{508E4F3A-E528-4C49-A05A-70FEF6D5DF97}.Release|x86.ActiveCfg = Release|Win32
		{508E4F3A-E528-4C49-A05A-70FEF6D5DF97}.Release|x86.Build.0 = Release|Win32
	EndGlobalSection
	GlobalSection(SolutionProperties) = preSolution
		HideSolutionNode = FALSE
	EndGlobalSection
	GlobalSection(ExtensibilityGlobals) = postSolution
		SolutionGuid = {C201031F-128F-43EA-BB19-1D90630C1845}
	EndGlobalSection
EndGlobal
